
Microsoft Visual Studio Solution File, Format Version 12.00
Project("{FAE04EC0-301F-11D3-BF4B-00C04F79EFBC}") = "RegularExpression.InputValidation", "RegularExpression.InputValidation\RegularExpression.InputValidation.csproj", "{1B1AEE00-E92E-4CAA-81D8-2E43404D9140}"
EndProject
Global
	GlobalSection(SolutionConfigurationPlatforms) = preSolution
		Debug|Any CPU = Debug|Any CPU
		Release|Any CPU = Release|Any CPU
	EndGlobalSection
	GlobalSection(ProjectConfigurationPlatforms) = postSolution
		{1B1AEE00-E92E-4CAA-81D8-2E43404D9140}.Debug|Any CPU.ActiveCfg = Debug|Any CPU
		{1B1AEE00-E92E-4CAA-81D8-2E43404D9140}.Debug|Any CPU.Build.0 = Debug|Any CPU
		{1B1AEE00-E92E-4CAA-81D8-2E43404D9140}.Release|Any CPU.ActiveCfg = Release|Any CPU
		{1B1AEE00-E92E-4CAA-81D8-2E43404D9140}.Release|Any CPU.Build.0 = Release|Any CPU
	EndGlobalSection
EndGlobal
